<?xml version="1.0" encoding="utf-8"?>
<Project ToolsVersion="4.0" xmlns="http://schemas.microsoft.com/developer/msbuild/2003">
  <ItemGroup>
    <Filter Include="Headers">
      <UniqueIdentifier>{d598ad22-2b74-4cd5-a66f-50dfb3287906}</UniqueIdentifier>
    </Filter>
    <Filter Include="Source">
      <UniqueIdentifier>{399159b8-1955-4166-ab49-9e6fae1e3222}</UniqueIdentifier>
    </Filter>
    <Filter Include="Assets">
      <UniqueIdentifier>{1db9b687-8c5c-413d-8ef1-1aaecba420e9}</UniqueIdentifier>
    </Filter>
    <Filter Include="Engine">
      <UniqueIdentifier>{2c5af5fc-68d4-4e77-82ab-64ac44628145}</UniqueIdentifier>
    </Filter>
    <Filter Include="Engine\PlatformSpecificHeaders">
      <UniqueIdentifier>{b7d7f619-ce43-40c2-b871-0c455bede154}</UniqueIdentifier>
    </Filter>
  </ItemGroup>
  <ItemGroup>
    <ClInclude Include="$(MSBuildThisFileDirectory)..\Game.h">
      <Filter>Headers</Filter>
    </ClInclude>
    <ClInclude Include="$(MSBuildThisFileDirectory)..\CubeModel.h">
      <Filter>Headers</Filter>
    </ClInclude>
    <ClInclude Include="$(MSBuildThisFileDirectory)..\ObjectModel.h">
      <Filter>Headers</Filter>
    </ClInclude>
    <ClInclude Include="$(MSBuildThisFileDirectory)..\GeneralOBJ.h">
      <Filter>Headers</Filter>
    </ClInclude>
    <ClInclude Include="$(MSBuildThisFileDirectory)Camera.h">
      <Filter>Headers</Filter>
    </ClInclude>
    <ClInclude Include="$(MSBuildThisFileDirectory)Common.h">
      <Filter>Headers</Filter>
    </ClInclude>
    <ClInclude Include="$(MSBuildThisFileDirectory)..\tiny_obj_loader.h">
      <Filter>Engine</Filter>
    </ClInclude>
    <ClInclude Include="$(MSBuildThisFileDirectory)..\Input.h">
      <Filter>Engine</Filter>
    </ClInclude>
    <ClInclude Include="$(MSBuildThisFileDirectory)ShaderManager.h">
      <Filter>Engine</Filter>
    </ClInclude>
    <ClInclude Include="$(MSBuildThisFileDirectory)..\MyFiles.h">
      <Filter>Engine</Filter>
    </ClInclude>
    <ClInclude Include="$(MSBuildThisFileDirectory)..\IGraphics.h">
      <Filter>Engine\PlatformSpecificHeaders</Filter>
    </ClInclude>
    <ClInclude Include="$(MSBuildThisFileDirectory)..\IInput.h">
      <Filter>Engine\PlatformSpecificHeaders</Filter>
    </ClInclude>
  </ItemGroup>
  <ItemGroup>
    <ClCompile Include="$(MSBuildThisFileDirectory)..\Game.cpp">
      <Filter>Source</Filter>
    </ClCompile>
    <ClCompile Include="$(MSBuildThisFileDirectory)..\CubeModel.cpp">
      <Filter>Source</Filter>
    </ClCompile>
    <ClCompile Include="$(MSBuildThisFileDirectory)..\MyFiles.cpp">
      <Filter>Source</Filter>
    </ClCompile>
    <ClCompile Include="$(MSBuildThisFileDirectory)..\ObjectModel.cpp">
      <Filter>Source</Filter>
    </ClCompile>
    <ClCompile Include="$(MSBuildThisFileDirectory)..\TinyObjectLoader.cpp">
      <Filter>Source</Filter>
    </ClCompile>
    <ClCompile Include="$(MSBuildThisFileDirectory)..\GeneralOBJ.cpp">
      <Filter>Source</Filter>
    </ClCompile>
    <ClCompile Include="$(MSBuildThisFileDirectory)ShaderManager.cpp">
      <Filter>Engine</Filter>
    </ClCompile>
    <ClCompile Include="$(MSBuildThisFileDirectory)..\Input.cpp">
      <Filter>Engine</Filter>
    </ClCompile>
  </ItemGroup>
  <ItemGroup>
    <None Include="$(MSBuildThisFileDirectory)..\Assets\Models\brian_01.mtl">
      <Filter>Assets</Filter>
    </None>
    <None Include="$(MSBuildThisFileDirectory)..\Assets\Models\brian_02.mtl">
      <Filter>Assets</Filter>
    </None>
    <None Include="$(MSBuildThisFileDirectory)..\Assets\Models\brian_03.mtl">
      <Filter>Assets</Filter>
    </None>
    <None Include="$(MSBuildThisFileDirectory)..\Assets\Models\Naked_Snake.mtl">
      <Filter>Assets</Filter>
    </None>
  </ItemGroup>
  <ItemGroup>
    <Object Include="$(MSBuildThisFileDirectory)..\Assets\Models\brian_02.obj">
      <Filter>Assets</Filter>
    </Object>
    <Object Include="$(MSBuildThisFileDirectory)..\Assets\Models\brian_03.obj">
      <Filter>Assets</Filter>
    </Object>
    <Object Include="$(MSBuildThisFileDirectory)..\Assets\Models\brian_01.obj">
      <Filter>Assets</Filter>
    </Object>
    <Object Include="$(MSBuildThisFileDirectory)..\Assets\Models\Naked_Snake.obj">
      <Filter>Assets</Filter>
    </Object>
  </ItemGroup>
  <ItemGroup>
    <Image Include="$(MSBuildThisFileDirectory)..\Assets\Models\brian_01.png">
      <Filter>Assets</Filter>
    </Image>
    <Image Include="$(MSBuildThisFileDirectory)..\Assets\Models\brian_01_em.png">
      <Filter>Assets</Filter>
    </Image>
    <Image Include="$(MSBuildThisFileDirectory)..\Assets\Models\brian_02.png">
      <Filter>Assets</Filter>
    </Image>
    <Image Include="$(MSBuildThisFileDirectory)..\Assets\Models\brian_02_em.png">
      <Filter>Assets</Filter>
    </Image>
    <Image Include="$(MSBuildThisFileDirectory)..\Assets\Models\brian_03.png">
      <Filter>Assets</Filter>
    </Image>
    <Image Include="$(MSBuildThisFileDirectory)..\Assets\Models\brian_03_em.png">
      <Filter>Assets</Filter>
    </Image>
    <Image Include="$(MSBuildThisFileDirectory)..\Assets\Textures\Harvey2.jpg">
      <Filter>Assets</Filter>
    </Image>
    <Image Include="$(MSBuildThisFileDirectory)..\Assets\Models\Tex_0645_0.png">
      <Filter>Assets</Filter>
    </Image>
    <Image Include="$(MSBuildThisFileDirectory)..\Assets\Models\Tex_0646_0.png">
      <Filter>Assets</Filter>
    </Image>
    <Image Include="$(MSBuildThisFileDirectory)..\Assets\Models\Tex_0655_0.png">
      <Filter>Assets</Filter>
    </Image>
    <Image Include="$(MSBuildThisFileDirectory)..\Assets\Models\Tex_0656_0.png">
      <Filter>Assets</Filter>
    </Image>
    <Image Include="$(MSBuildThisFileDirectory)..\Assets\Models\Tex_0657_0.png">
      <Filter>Assets</Filter>
    </Image>
    <Image Include="$(MSBuildThisFileDirectory)..\Assets\Models\Tex_0659_0.png">
      <Filter>Assets</Filter>
    </Image>
    <Image Include="$(MSBuildThisFileDirectory)..\Assets\Models\Tex_0668_0.png">
      <Filter>Assets</Filter>
    </Image>
    <Image Include="$(MSBuildThisFileDirectory)..\Assets\Models\Tex_0670_0.png">
      <Filter>Assets</Filter>
    </Image>
    <Image Include="$(MSBuildThisFileDirectory)..\Assets\Models\Tex_0671_0.png">
      <Filter>Assets</Filter>
    </Image>
    <Image Include="$(MSBuildThisFileDirectory)..\Assets\Models\Tex_0672_0.png">
      <Filter>Assets</Filter>
    </Image>
    <Image Include="$(MSBuildThisFileDirectory)..\Assets\Models\Tex_0675_0.png">
      <Filter>Assets</Filter>
    </Image>
    <Image Include="$(MSBuildThisFileDirectory)..\Assets\Models\Tex_0676_0.png">
      <Filter>Assets</Filter>
    </Image>
    <Image Include="$(MSBuildThisFileDirectory)..\Assets\Models\Tex_0677_0.png">
      <Filter>Assets</Filter>
    </Image>
    <Image Include="$(MSBuildThisFileDirectory)..\Assets\Models\Tex_0678_0.png">
      <Filter>Assets</Filter>
    </Image>
    <Image Include="$(MSBuildThisFileDirectory)..\Assets\Models\Tex_0679_0.png">
      <Filter>Assets</Filter>
    </Image>
    <Image Include="$(MSBuildThisFileDirectory)..\Assets\Models\Tex_0691_0.png">
      <Filter>Assets</Filter>
    </Image>
    <Image Include="$(MSBuildThisFileDirectory)..\Assets\Models\Tex_0692_0.png">
      <Filter>Assets</Filter>
    </Image>
    <Image Include="$(MSBuildThisFileDirectory)..\Assets\Models\Tex_0693_0.png">
      <Filter>Assets</Filter>
    </Image>
    <Image Include="$(MSBuildThisFileDirectory)..\Assets\Models\Tex_0694_0.png">
      <Filter>Assets</Filter>
    </Image>
    <Image Include="$(MSBuildThisFileDirectory)..\Assets\Models\Tex_0695_0.png">
      <Filter>Assets</Filter>
    </Image>
    <Image Include="$(MSBuildThisFileDirectory)..\Assets\Models\Tex_0696_0.png">
      <Filter>Assets</Filter>
    </Image>
    <Image Include="$(MSBuildThisFileDirectory)..\Assets\Models\Tex_0697_0.png">
      <Filter>Assets</Filter>
    </Image>
    <Image Include="$(MSBuildThisFileDirectory)..\Assets\Textures\container.jpg">
      <Filter>Assets</Filter>
    </Image>
  </ItemGroup>
</Project>