<?xml version="1.0" encoding="utf-8"?>
<Project ToolsVersion="4.0" xmlns="http://schemas.microsoft.com/developer/msbuild/2003">
  <ItemGroup>
    <Filter Include="Assets">
      <UniqueIdentifier>{1db9b687-8c5c-413d-8ef1-1aaecba420e9}</UniqueIdentifier>
    </Filter>
    <Filter Include="Game">
      <UniqueIdentifier>{38d24b9d-d2e0-4538-b002-022fd033a9b0}</UniqueIdentifier>
    </Filter>
    <Filter Include="Game\Headers">
      <UniqueIdentifier>{d598ad22-2b74-4cd5-a66f-50dfb3287906}</UniqueIdentifier>
    </Filter>
    <Filter Include="Game\Source">
      <UniqueIdentifier>{399159b8-1955-4166-ab49-9e6fae1e3222}</UniqueIdentifier>
    </Filter>
    <Filter Include="Assets\Shaders">
      <UniqueIdentifier>{a03451ab-95d2-472e-bd4a-ee1dcf6e6f08}</UniqueIdentifier>
    </Filter>
    <Filter Include="Assets\Models">
      <UniqueIdentifier>{882b90ec-f18f-4672-935a-181ce80f8b1e}</UniqueIdentifier>
    </Filter>
    <Filter Include="Assets\Models\Soldier">
      <UniqueIdentifier>{1455b1b6-237b-4229-a244-d107595504df}</UniqueIdentifier>
    </Filter>
    <Filter Include="Assets\Models\Primitives">
      <UniqueIdentifier>{96558101-9b34-49f8-943c-bfdb447d2c5e}</UniqueIdentifier>
    </Filter>
    <Filter Include="Assets\Models\Primitives\Cube">
      <UniqueIdentifier>{2dde2dc7-9a00-4ba1-b58f-5b1466f08110}</UniqueIdentifier>
    </Filter>
    <Filter Include="Assets\Models\Primitives\Sphere">
      <UniqueIdentifier>{489a7415-e647-4af6-995d-2003f1d08da0}</UniqueIdentifier>
    </Filter>
    <Filter Include="Assets\Models\Primitives\Plane">
      <UniqueIdentifier>{1357cd9c-b4c8-4a31-920a-215b72f098cc}</UniqueIdentifier>
    </Filter>
    <Filter Include="Assets\Models\NakedSnake">
      <UniqueIdentifier>{9d5d216c-b8da-4b98-861a-9415eba5c94e}</UniqueIdentifier>
    </Filter>
    <Filter Include="Uknitty">
      <UniqueIdentifier>{2c5af5fc-68d4-4e77-82ab-64ac44628145}</UniqueIdentifier>
    </Filter>
    <Filter Include="Uknitty\Headers">
      <UniqueIdentifier>{77ad7d4f-4f33-49b8-a055-1d2c6dc3d0cb}</UniqueIdentifier>
    </Filter>
    <Filter Include="CrossPlatform">
      <UniqueIdentifier>{c76a809d-ed72-430b-9c3d-a8f9110bb5e7}</UniqueIdentifier>
    </Filter>
    <Filter Include="ThirdParty">
      <UniqueIdentifier>{b7b6d1ca-1c7d-4775-85e9-01d900c2febf}</UniqueIdentifier>
    </Filter>
    <Filter Include="ThirdParty\imgui">
      <UniqueIdentifier>{3ec76581-e5a8-4f26-b737-443be7533cbc}</UniqueIdentifier>
    </Filter>
    <Filter Include="ThirdParty\stb">
      <UniqueIdentifier>{5f354969-08ff-4f4f-a8c4-52a10b8e1edb}</UniqueIdentifier>
    </Filter>
    <Filter Include="CrossPlatform\Source">
      <UniqueIdentifier>{906e2185-51d8-4c41-aa8a-e31b6cd88f46}</UniqueIdentifier>
    </Filter>
    <Filter Include="CrossPlatform\Headers">
      <UniqueIdentifier>{b7d7f619-ce43-40c2-b871-0c455bede154}</UniqueIdentifier>
    </Filter>
    <Filter Include="Uknitty\Source">
      <UniqueIdentifier>{4517ea7d-6552-49b2-a047-339c122cb0e6}</UniqueIdentifier>
    </Filter>
  </ItemGroup>
  <ItemGroup>
    <ClInclude Include="$(MSBuildThisFileDirectory)ICamera.h">
      <Filter>Uknitty\Headers</Filter>
    </ClInclude>
    <ClInclude Include="$(MSBuildThisFileDirectory)..\ImGui-master\imconfig.h">
      <Filter>ThirdParty\imgui</Filter>
    </ClInclude>
    <ClInclude Include="$(MSBuildThisFileDirectory)..\ImGui-master\imgui.h">
      <Filter>ThirdParty\imgui</Filter>
    </ClInclude>
    <ClInclude Include="$(MSBuildThisFileDirectory)..\ImGui-master\backends\imgui_impl_opengl3.h">
      <Filter>ThirdParty\imgui</Filter>
    </ClInclude>
    <ClInclude Include="$(MSBuildThisFileDirectory)..\ImGui-master\backends\imgui_impl_opengl3_loader.h">
      <Filter>ThirdParty\imgui</Filter>
    </ClInclude>
    <ClInclude Include="$(MSBuildThisFileDirectory)..\ImGui-master\imgui_internal.h">
      <Filter>ThirdParty\imgui</Filter>
    </ClInclude>
    <ClInclude Include="$(MSBuildThisFileDirectory)..\ImGui-master\imstb_rectpack.h">
      <Filter>ThirdParty\imgui</Filter>
    </ClInclude>
    <ClInclude Include="$(MSBuildThisFileDirectory)..\ImGui-master\imstb_textedit.h">
      <Filter>ThirdParty\imgui</Filter>
    </ClInclude>
    <ClInclude Include="$(MSBuildThisFileDirectory)..\ImGui-master\imstb_truetype.h">
      <Filter>ThirdParty\imgui</Filter>
    </ClInclude>
    <ClInclude Include="$(MSBuildThisFileDirectory)IInputKey.h">
      <Filter>CrossPlatform\Headers</Filter>
    </ClInclude>
    <ClInclude Include="$(MSBuildThisFileDirectory)ShaderProgram.h">
      <Filter>Uknitty\Headers</Filter>
    </ClInclude>
    <ClInclude Include="$(MSBuildThisFileDirectory)Model.h">
      <Filter>Uknitty\Headers</Filter>
    </ClInclude>
    <ClInclude Include="$(MSBuildThisFileDirectory)Mesh.h">
      <Filter>Uknitty\Headers</Filter>
    </ClInclude>
    <ClInclude Include="$(MSBuildThisFileDirectory)FreeFlyCamera.h">
      <Filter>Uknitty\Headers</Filter>
    </ClInclude>
    <ClInclude Include="$(MSBuildThisFileDirectory)Transform.h">
      <Filter>Uknitty\Headers</Filter>
    </ClInclude>
    <ClInclude Include="$(MSBuildThisFileDirectory)IInputProcessor.h">
      <Filter>Uknitty\Headers</Filter>
    </ClInclude>
    <ClInclude Include="$(MSBuildThisFileDirectory)Game.h">
      <Filter>Game\Headers</Filter>
    </ClInclude>
    <ClInclude Include="$(MSBuildThisFileDirectory)IGraphics.h">
      <Filter>CrossPlatform\Headers</Filter>
    </ClInclude>
    <ClInclude Include="$(MSBuildThisFileDirectory)IInput.h">
      <Filter>CrossPlatform\Headers</Filter>
    </ClInclude>
    <ClInclude Include="$(MSBuildThisFileDirectory)Common.h">
      <Filter>Game\Headers</Filter>
    </ClInclude>
    <ClInclude Include="$(MSBuildThisFileDirectory)Player.h">
      <Filter>Game\Headers</Filter>
    </ClInclude>
    <ClInclude Include="$(MSBuildThisFileDirectory)SharedInput.h">
      <Filter>CrossPlatform\Headers</Filter>
    </ClInclude>
    <ClInclude Include="$(MSBuildThisFileDirectory)ILifeCycle.h">
      <Filter>Uknitty\Headers</Filter>
    </ClInclude>
    <ClInclude Include="$(MSBuildThisFileDirectory)IRenderable.h">
      <Filter>Uknitty\Headers</Filter>
    </ClInclude>
  </ItemGroup>
  <ItemGroup>
    <ClCompile Include="$(MSBuildThisFileDirectory)..\ImGui-master\imgui.cpp">
      <Filter>ThirdParty\imgui</Filter>
    </ClCompile>
    <ClCompile Include="$(MSBuildThisFileDirectory)..\ImGui-master\imgui_demo.cpp">
      <Filter>ThirdParty\imgui</Filter>
    </ClCompile>
    <ClCompile Include="$(MSBuildThisFileDirectory)..\ImGui-master\imgui_draw.cpp">
      <Filter>ThirdParty\imgui</Filter>
    </ClCompile>
    <ClCompile Include="$(MSBuildThisFileDirectory)..\ImGui-master\backends\imgui_impl_opengl3.cpp">
      <Filter>ThirdParty\imgui</Filter>
    </ClCompile>
    <ClCompile Include="$(MSBuildThisFileDirectory)..\ImGui-master\imgui_tables.cpp">
      <Filter>ThirdParty\imgui</Filter>
    </ClCompile>
    <ClCompile Include="$(MSBuildThisFileDirectory)..\ImGui-master\imgui_widgets.cpp">
      <Filter>ThirdParty\imgui</Filter>
    </ClCompile>
    <ClCompile Include="$(MSBuildThisFileDirectory)Game.cpp">
      <Filter>Game\Source</Filter>
    </ClCompile>
    <ClCompile Include="$(MSBuildThisFileDirectory)SharedInput.cpp">
      <Filter>CrossPlatform\Source</Filter>
    </ClCompile>
    <ClCompile Include="$(MSBuildThisFileDirectory)stb_image.cpp">
      <Filter>ThirdParty\stb</Filter>
    </ClCompile>
    <ClCompile Include="$(MSBuildThisFileDirectory)Player.cpp">
      <Filter>Game\Source</Filter>
    </ClCompile>
    <ClCompile Include="$(MSBuildThisFileDirectory)Transform.cpp">
      <Filter>Uknitty\Source</Filter>
    </ClCompile>
  </ItemGroup>
  <ItemGroup>
    <None Include="$(MSBuildThisFileDirectory)..\Assets\Shaders\Fragment.glsl">
      <Filter>Assets\Shaders</Filter>
    </None>
    <None Include="$(MSBuildThisFileDirectory)..\Assets\Shaders\Vertex.glsl">
      <Filter>Assets\Shaders</Filter>
    </None>
    <None Include="$(MSBuildThisFileDirectory)..\Assets\Models\Primitives\Cube\Cube.mtl">
      <Filter>Assets\Models\Primitives\Cube</Filter>
    </None>
    <None Include="$(MSBuildThisFileDirectory)..\Assets\Models\Primitives\Sphere\Sphere.mtl">
      <Filter>Assets\Models\Primitives\Sphere</Filter>
    </None>
    <None Include="$(MSBuildThisFileDirectory)..\Assets\Models\Primitives\Plane\Plane.mtl">
      <Filter>Assets\Models\Primitives\Plane</Filter>
    </None>
    <None Include="$(MSBuildThisFileDirectory)..\Assets\Models\NakedSnake\NakedSnake.mtl">
      <Filter>Assets\Models\NakedSnake</Filter>
    </None>
    <None Include="$(MSBuildThisFileDirectory)..\Assets\Models\NakedSnake\NakedSnake.obj">
      <Filter>Assets\Models\NakedSnake</Filter>
    </None>
    <None Include="$(MSBuildThisFileDirectory)..\Assets\Models\Soldier\Soldier.mtl">
      <Filter>Assets\Models\Soldier</Filter>
    </None>
    <None Include="$(MSBuildThisFileDirectory)..\Assets\Models\Soldier\demo_soldier_512.tga">
      <Filter>Assets\Models\Soldier</Filter>
    </None>
    <None Include="$(MSBuildThisFileDirectory)..\Assets\Models\Soldier\demo_weapon.tga">
      <Filter>Assets\Models\Soldier</Filter>
    </None>
    <None Include="$(MSBuildThisFileDirectory)..\Assets\Models\Soldier\Soldier.obj">
      <Filter>Assets\Models\Soldier</Filter>
    </None>
    <None Include="$(MSBuildThisFileDirectory)..\Assets\Models\NakedSnake\Tex_0645_0.png">
      <Filter>Assets\Models\NakedSnake</Filter>
    </None>
    <None Include="$(MSBuildThisFileDirectory)..\Assets\Models\NakedSnake\Tex_0646_0.png">
      <Filter>Assets\Models\NakedSnake</Filter>
    </None>
    <None Include="$(MSBuildThisFileDirectory)..\Assets\Models\NakedSnake\Tex_0655_0.png">
      <Filter>Assets\Models\NakedSnake</Filter>
    </None>
    <None Include="$(MSBuildThisFileDirectory)..\Assets\Models\NakedSnake\Tex_0656_0.png">
      <Filter>Assets\Models\NakedSnake</Filter>
    </None>
    <None Include="$(MSBuildThisFileDirectory)..\Assets\Models\NakedSnake\Tex_0657_0.png">
      <Filter>Assets\Models\NakedSnake</Filter>
    </None>
    <None Include="$(MSBuildThisFileDirectory)..\Assets\Models\NakedSnake\Tex_0659_0.png">
      <Filter>Assets\Models\NakedSnake</Filter>
    </None>
    <None Include="$(MSBuildThisFileDirectory)..\Assets\Models\NakedSnake\Tex_0668_0.png">
      <Filter>Assets\Models\NakedSnake</Filter>
    </None>
    <None Include="$(MSBuildThisFileDirectory)..\Assets\Models\NakedSnake\Tex_0670_0.png">
      <Filter>Assets\Models\NakedSnake</Filter>
    </None>
    <None Include="$(MSBuildThisFileDirectory)..\Assets\Models\NakedSnake\Tex_0671_0.png">
      <Filter>Assets\Models\NakedSnake</Filter>
    </None>
    <None Include="$(MSBuildThisFileDirectory)..\Assets\Models\NakedSnake\Tex_0672_0.png">
      <Filter>Assets\Models\NakedSnake</Filter>
    </None>
    <None Include="$(MSBuildThisFileDirectory)..\Assets\Models\NakedSnake\Tex_0675_0.png">
      <Filter>Assets\Models\NakedSnake</Filter>
    </None>
    <None Include="$(MSBuildThisFileDirectory)..\Assets\Models\NakedSnake\Tex_0676_0.png">
      <Filter>Assets\Models\NakedSnake</Filter>
    </None>
    <None Include="$(MSBuildThisFileDirectory)..\Assets\Models\NakedSnake\Tex_0677_0.png">
      <Filter>Assets\Models\NakedSnake</Filter>
    </None>
    <None Include="$(MSBuildThisFileDirectory)..\Assets\Models\NakedSnake\Tex_0678_0.png">
      <Filter>Assets\Models\NakedSnake</Filter>
    </None>
    <None Include="$(MSBuildThisFileDirectory)..\Assets\Models\NakedSnake\Tex_0679_0.png">
      <Filter>Assets\Models\NakedSnake</Filter>
    </None>
    <None Include="$(MSBuildThisFileDirectory)..\Assets\Models\NakedSnake\Tex_0691_0.png">
      <Filter>Assets\Models\NakedSnake</Filter>
    </None>
    <None Include="$(MSBuildThisFileDirectory)..\Assets\Models\NakedSnake\Tex_0692_0.png">
      <Filter>Assets\Models\NakedSnake</Filter>
    </None>
    <None Include="$(MSBuildThisFileDirectory)..\Assets\Models\NakedSnake\Tex_0693_0.png">
      <Filter>Assets\Models\NakedSnake</Filter>
    </None>
    <None Include="$(MSBuildThisFileDirectory)..\Assets\Models\NakedSnake\Tex_0694_0.png">
      <Filter>Assets\Models\NakedSnake</Filter>
    </None>
    <None Include="$(MSBuildThisFileDirectory)..\Assets\Models\NakedSnake\Tex_0695_0.png">
      <Filter>Assets\Models\NakedSnake</Filter>
    </None>
    <None Include="$(MSBuildThisFileDirectory)..\Assets\Models\NakedSnake\Tex_0696_0.png">
      <Filter>Assets\Models\NakedSnake</Filter>
    </None>
    <None Include="$(MSBuildThisFileDirectory)..\Assets\Models\NakedSnake\Tex_0697_0.png">
      <Filter>Assets\Models\NakedSnake</Filter>
    </None>
  </ItemGroup>
  <ItemGroup>
    <Object Include="$(MSBuildThisFileDirectory)..\Assets\Models\Primitives\Cube\Cube.obj">
      <Filter>Assets\Models\Primitives\Cube</Filter>
    </Object>
    <Object Include="$(MSBuildThisFileDirectory)..\Assets\Models\Primitives\Sphere\Sphere.obj">
      <Filter>Assets\Models\Primitives\Sphere</Filter>
    </Object>
    <Object Include="$(MSBuildThisFileDirectory)..\Assets\Models\Primitives\Plane\Plane.obj">
      <Filter>Assets\Models\Primitives\Plane</Filter>
    </Object>
  </ItemGroup>
  <ItemGroup>
    <Image Include="$(MSBuildThisFileDirectory)..\Assets\Models\Primitives\Cube\Texture.png">
      <Filter>Assets\Models\Primitives\Cube</Filter>
    </Image>
    <Image Include="$(MSBuildThisFileDirectory)..\Assets\Models\Primitives\Sphere\Texture.png">
      <Filter>Assets\Models\Primitives\Sphere</Filter>
    </Image>
    <Image Include="$(MSBuildThisFileDirectory)..\Assets\Models\Primitives\Plane\Ground.png">
      <Filter>Assets\Models\Primitives\Plane</Filter>
    </Image>
  </ItemGroup>
</Project>